Microsoft Visual Studio Solution File, Format Version 12.00
# Visual Studio 15
VisualStudioVersion = 15.0.27703.2026
MinimumVisualStudioVersion = 10.0.40219.1
Project("{9A19103F-16F7-4668-BE54-9A1E7A4F7556}") = "StationService", "StationService\StationService.csproj", "{B27AEE60-A8DF-48CA-B25D-B5BBD6F97F7D}"
EndProject
Project("{9A19103F-16F7-4668-BE54-9A1E7A4F7556}") = "Storiveo.IsisPie", "Storiveo.IsisPie\Storiveo.IsisPie.csproj", "{EDEAB189-26FA-4E9E-9335-6AC16DDD54A9}"
EndProject
Project("{9A19103F-16F7-4668-BE54-9A1E7A4F7556}") = "RabbitMQPoc", "RabbitMQPoc\RabbitMQPoc.csproj", "{41758D88-DBFE-4728-BD44-2FEA9B1ED446}"
EndProject
Project("{FAE04EC0-301F-11D3-BF4B-00C04F79EFBC}") = "StationService_v1", "StationService_v1\StationService_v1.csproj", "{AA584ED5-C1D4-4CCE-9636-646BC57E801F}"
EndProject
Global
	GlobalSection(SolutionConfigurationPlatforms) = preSolution
		Debug|Any CPU = Debug|Any CPU
		Release|Any CPU = Release|Any CPU
	EndGlobalSection
	GlobalSection(ProjectConfigurationPlatforms) = postSolution
		{B27AEE60-A8DF-48CA-B25D-B5BBD6F97F7D}.Debug|Any CPU.ActiveCfg = Debug|Any CPU
		{B27AEE60-A8DF-48CA-B25D-B5BBD6F97F7D}.Debug|Any CPU.Build.0 = Debug|Any CPU
		{B27AEE60-A8DF-48CA-B25D-B5BBD6F97F7D}.Release|Any CPU.ActiveCfg = Release|Any CPU
		{B27AEE60-A8DF-48CA-B25D-B5BBD6F97F7D}.Release|Any CPU.Build.0 = Release|Any CPU
		{EDEAB189-26FA-4E9E-9335-6AC16DDD54A9}.Debug|Any CPU.ActiveCfg = Debug|Any CPU
		{EDEAB189-26FA-4E9E-9335-6AC16DDD54A9}.Debug|Any CPU.Build.0 = Debug|Any CPU
		{EDEAB189-26FA-4E9E-9335-6AC16DDD54A9}.Release|Any CPU.ActiveCfg = Release|Any CPU
		{EDEAB189-26FA-4E9E-9335-6AC16DDD54A9}.Release|Any CPU.Build.0 = Release|Any CPU
		{41758D88-DBFE-4728-BD44-2FEA9B1ED446}.Debug|Any CPU.ActiveCfg = Debug|Any CPU
		{41758D88-DBFE-4728-BD44-2FEA9B1ED446}.Debug|Any CPU.Build.0 = Debug|Any CPU
		{41758D88-DBFE-4728-BD44-2FEA9B1ED446}.Release|Any CPU.ActiveCfg = Release|Any CPU
		{41758D88-DBFE-4728-BD44-2FEA9B1ED446}.Release|Any CPU.Build.0 = Release|Any CPU
		{AA584ED5-C1D4-4CCE-9636-646BC57E801F}.Debug|Any CPU.ActiveCfg = Debug|Any CPU
		{AA584ED5-C1D4-4CCE-9636-646BC57E801F}.Debug|Any CPU.Build.0 = Debug|Any CPU
		{AA584ED5-C1D4-4CCE-9636-646BC57E801F}.Release|Any CPU.ActiveCfg = Release|Any CPU
		{AA584ED5-C1D4-4CCE-9636-646BC57E801F}.Release|Any CPU.Build.0 = Release|Any CPU
	EndGlobalSection
	GlobalSection(SolutionProperties) = preSolution
		HideSolutionNode = FALSE
	EndGlobalSection
	GlobalSection(ExtensibilityGlobals) = postSolution
		SolutionGuid = {8FDA2B70-FD5F-48C6-91A4-4293666C883E}
	EndGlobalSection
EndGlobal
